// !$*UTF8*$!
{
	archiveVersion = 1;
	classes = {
	};
	objectVersion = 46;
	objects = {

/* Begin PBXBuildFile section */
		76017D5F1C1C772000E9693B /* LoginViewController.swift in Sources */ = {isa = PBXBuildFile; fileRef = 76017D5E1C1C772000E9693B /* LoginViewController.swift */; };
		76017D621C1CCA1500E9693B /* Bolts.framework in Frameworks */ = {isa = PBXBuildFile; fileRef = 76017D601C1CCA1400E9693B /* Bolts.framework */; };
		76017D631C1CCA1500E9693B /* Parse.framework in Frameworks */ = {isa = PBXBuildFile; fileRef = 76017D611C1CCA1400E9693B /* Parse.framework */; };
		76017D651C1CD36E00E9693B /* AudioToolbox.framework in Frameworks */ = {isa = PBXBuildFile; fileRef = 76017D641C1CD36E00E9693B /* AudioToolbox.framework */; };
		76017D671C1CD37C00E9693B /* CFNetwork.framework in Frameworks */ = {isa = PBXBuildFile; fileRef = 76017D661C1CD37C00E9693B /* CFNetwork.framework */; };
		76017D691C1CD43600E9693B /* CoreGraphics.framework in Frameworks */ = {isa = PBXBuildFile; fileRef = 76017D681C1CD43600E9693B /* CoreGraphics.framework */; };
		76017D6B1C1CD43F00E9693B /* CoreLocation.framework in Frameworks */ = {isa = PBXBuildFile; fileRef = 76017D6A1C1CD43F00E9693B /* CoreLocation.framework */; };
		76017D6D1C1CD46C00E9693B /* QuartzCore.framework in Frameworks */ = {isa = PBXBuildFile; fileRef = 76017D6C1C1CD46C00E9693B /* QuartzCore.framework */; };
		76017D6F1C1CD47600E9693B /* Security.framework in Frameworks */ = {isa = PBXBuildFile; fileRef = 76017D6E1C1CD47600E9693B /* Security.framework */; };
		76017D711C1CD47E00E9693B /* StoreKit.framework in Frameworks */ = {isa = PBXBuildFile; fileRef = 76017D701C1CD47E00E9693B /* StoreKit.framework */; };
		76017D731C1CD48900E9693B /* SystemConfiguration.framework in Frameworks */ = {isa = PBXBuildFile; fileRef = 76017D721C1CD48900E9693B /* SystemConfiguration.framework */; };
		76017D751C1CD49800E9693B /* libz.tbd in Frameworks */ = {isa = PBXBuildFile; fileRef = 76017D741C1CD49800E9693B /* libz.tbd */; };
		76017D771C1CD4A000E9693B /* libsqlite3.tbd in Frameworks */ = {isa = PBXBuildFile; fileRef = 76017D761C1CD4A000E9693B /* libsqlite3.tbd */; };
		76017D7B1C1E12D800E9693B /* ChannelViewController.swift in Sources */ = {isa = PBXBuildFile; fileRef = 76017D7A1C1E12D800E9693B /* ChannelViewController.swift */; };
		76017D7D1C1E17F800E9693B /* ProfileViewController.swift in Sources */ = {isa = PBXBuildFile; fileRef = 76017D7C1C1E17F800E9693B /* ProfileViewController.swift */; };
		76017D801C1E19BD00E9693B /* FollowingFollowerVC.swift in Sources */ = {isa = PBXBuildFile; fileRef = 76017D7F1C1E19BD00E9693B /* FollowingFollowerVC.swift */; };
		761D03351C171D8100BF37A2 /* ImageCache.swift in Sources */ = {isa = PBXBuildFile; fileRef = 761D03341C171D8100BF37A2 /* ImageCache.swift */; };
		761D03381C171DAF00BF37A2 /* Episode.swift in Sources */ = {isa = PBXBuildFile; fileRef = 761D03361C171DAF00BF37A2 /* Episode.swift */; };
		761D03391C171DAF00BF37A2 /* Channel.swift in Sources */ = {isa = PBXBuildFile; fileRef = 761D03371C171DAF00BF37A2 /* Channel.swift */; };
		761D033B1C1723E200BF37A2 /* PlayLaterItems.swift in Sources */ = {isa = PBXBuildFile; fileRef = 761D033A1C1723E200BF37A2 /* PlayLaterItems.swift */; };
		7626AD6F1C49382600685B67 /* PlaySoundVC+Page.swift in Sources */ = {isa = PBXBuildFile; fileRef = 7626AD6E1C49382600685B67 /* PlaySoundVC+Page.swift */; };
		7626AD711C4969C100685B67 /* CurrentUserProfileVC.swift in Sources */ = {isa = PBXBuildFile; fileRef = 7626AD701C4969C100685B67 /* CurrentUserProfileVC.swift */; };
		7626AD731C496AF800685B67 /* OtherUserProfileVC.swift in Sources */ = {isa = PBXBuildFile; fileRef = 7626AD721C496AF800685B67 /* OtherUserProfileVC.swift */; };
		7647BC5D1C1B95AD0092E96D /* TabBarPlayButton.swift in Sources */ = {isa = PBXBuildFile; fileRef = 7647BC5C1C1B95AD0092E96D /* TabBarPlayButton.swift */; };
		764C43041C156F68009F29E8 /* CustomTabBarController.swift in Sources */ = {isa = PBXBuildFile; fileRef = 764C43031C156F68009F29E8 /* CustomTabBarController.swift */; };
		764C430A1C16B7C7009F29E8 /* mkbhd.jpg in Resources */ = {isa = PBXBuildFile; fileRef = 764C43091C16B7C7009F29E8 /* mkbhd.jpg */; };
		764C430C1C16B821009F29E8 /* testim.jpg in Resources */ = {isa = PBXBuildFile; fileRef = 764C430B1C16B821009F29E8 /* testim.jpg */; };
		766E97661C289AEA0012EDA9 /* NumTypes+Conversion.swift in Sources */ = {isa = PBXBuildFile; fileRef = 766E97641C289AEA0012EDA9 /* NumTypes+Conversion.swift */; };
		766E97671C289AEA0012EDA9 /* MeterTable.swift in Sources */ = {isa = PBXBuildFile; fileRef = 766E97651C289AEA0012EDA9 /* MeterTable.swift */; };
		766E97761C2934640012EDA9 /* AudioMerger.swift in Sources */ = {isa = PBXBuildFile; fileRef = 766E976D1C2934640012EDA9 /* AudioMerger.swift */; };
		766E97771C2934640012EDA9 /* PostEpisodeTVC.swift in Sources */ = {isa = PBXBuildFile; fileRef = 766E976E1C2934640012EDA9 /* PostEpisodeTVC.swift */; };
		766E97781C2934640012EDA9 /* PlaySoundViewController.swift in Sources */ = {isa = PBXBuildFile; fileRef = 766E976F1C2934640012EDA9 /* PlaySoundViewController.swift */; };
		766E97791C2934640012EDA9 /* PlaySoundVC+Funcs.swift in Sources */ = {isa = PBXBuildFile; fileRef = 766E97701C2934640012EDA9 /* PlaySoundVC+Funcs.swift */; };
		766E977A1C2934640012EDA9 /* SectionPlayer.swift in Sources */ = {isa = PBXBuildFile; fileRef = 766E97711C2934640012EDA9 /* SectionPlayer.swift */; };
		766E977B1C2934640012EDA9 /* SoundPlayer.swift in Sources */ = {isa = PBXBuildFile; fileRef = 766E97721C2934640012EDA9 /* SoundPlayer.swift */; };
		766E977C1C2934640012EDA9 /* ImageTableContentController.swift in Sources */ = {isa = PBXBuildFile; fileRef = 766E97731C2934640012EDA9 /* ImageTableContentController.swift */; };
		766E977D1C2934640012EDA9 /* ImageTableContentCell.swift in Sources */ = {isa = PBXBuildFile; fileRef = 766E97741C2934640012EDA9 /* ImageTableContentCell.swift */; };
		766E977E1C2934640012EDA9 /* SectionSlider.swift in Sources */ = {isa = PBXBuildFile; fileRef = 766E97751C2934640012EDA9 /* SectionSlider.swift */; };
		766E97851C2934990012EDA9 /* RecordSoundViewController.swift in Sources */ = {isa = PBXBuildFile; fileRef = 766E977F1C2934980012EDA9 /* RecordSoundViewController.swift */; };
		766E97861C2934990012EDA9 /* RecordSoundVC+Edit.swift in Sources */ = {isa = PBXBuildFile; fileRef = 766E97801C2934980012EDA9 /* RecordSoundVC+Edit.swift */; };
		766E97871C2934990012EDA9 /* RecordedBundle.swift in Sources */ = {isa = PBXBuildFile; fileRef = 766E97811C2934980012EDA9 /* RecordedBundle.swift */; };
		766E97881C2934990012EDA9 /* SelectedPhotoCell.swift in Sources */ = {isa = PBXBuildFile; fileRef = 766E97821C2934980012EDA9 /* SelectedPhotoCell.swift */; };
		766E97891C2934990012EDA9 /* RecordedSoundCell.swift in Sources */ = {isa = PBXBuildFile; fileRef = 766E97831C2934980012EDA9 /* RecordedSoundCell.swift */; };
		766E978A1C2934990012EDA9 /* BarChartView.swift in Sources */ = {isa = PBXBuildFile; fileRef = 766E97841C2934980012EDA9 /* BarChartView.swift */; };
		766E978F1C2AFC570012EDA9 /* NotifViewController.swift in Sources */ = {isa = PBXBuildFile; fileRef = 766E978E1C2AFC570012EDA9 /* NotifViewController.swift */; };
		7687069C1C1563AB00D1A457 /* AppDelegate.swift in Sources */ = {isa = PBXBuildFile; fileRef = 7687069B1C1563AB00D1A457 /* AppDelegate.swift */; };
		768706A11C1563AB00D1A457 /* Main.storyboard in Resources */ = {isa = PBXBuildFile; fileRef = 7687069F1C1563AB00D1A457 /* Main.storyboard */; };
		768706A31C1563AB00D1A457 /* Assets.xcassets in Resources */ = {isa = PBXBuildFile; fileRef = 768706A21C1563AB00D1A457 /* Assets.xcassets */; };
		768706A61C1563AB00D1A457 /* LaunchScreen.storyboard in Resources */ = {isa = PBXBuildFile; fileRef = 768706A41C1563AB00D1A457 /* LaunchScreen.storyboard */; };
		769A262F1C16D748007A2EDA /* HomeFeedController.swift in Sources */ = {isa = PBXBuildFile; fileRef = 769A262E1C16D748007A2EDA /* HomeFeedController.swift */; };
		76DEA0821C2C8D9B00207DF9 /* EpisodeInParse.swift in Sources */ = {isa = PBXBuildFile; fileRef = 76DEA0811C2C8D9B00207DF9 /* EpisodeInParse.swift */; };
		76F717571C1E376400B79AC1 /* CustomTabBar.swift in Sources */ = {isa = PBXBuildFile; fileRef = 76F717561C1E376400B79AC1 /* CustomTabBar.swift */; };
		76F717591C1E3F4C00B79AC1 /* FollowCell.swift in Sources */ = {isa = PBXBuildFile; fileRef = 76F717581C1E3F4C00B79AC1 /* FollowCell.swift */; };
		76F7175D1C1F228500B79AC1 /* AppSettings.swift in Sources */ = {isa = PBXBuildFile; fileRef = 76F7175C1C1F228500B79AC1 /* AppSettings.swift */; };
		76F717601C1F331A00B79AC1 /* PostingViewController.swift in Sources */ = {isa = PBXBuildFile; fileRef = 76F7175F1C1F331A00B79AC1 /* PostingViewController.swift */; };
		76F717661C20F2DA00B79AC1 /* DiscoverViewController.swift in Sources */ = {isa = PBXBuildFile; fileRef = 76F717651C20F2DA00B79AC1 /* DiscoverViewController.swift */; };
		76F717691C211B2800B79AC1 /* ParseBasedActivities.swift in Sources */ = {isa = PBXBuildFile; fileRef = 76F717681C211B2800B79AC1 /* ParseBasedActivities.swift */; };
		76F8FC501C16E053009B7E81 /* EpisodeCell.swift in Sources */ = {isa = PBXBuildFile; fileRef = 76F8FC4F1C16E053009B7E81 /* EpisodeCell.swift */; };
		76F8FC521C16E089009B7E81 /* ChannelCell.swift in Sources */ = {isa = PBXBuildFile; fileRef = 76F8FC511C16E089009B7E81 /* ChannelCell.swift */; };
/* End PBXBuildFile section */

/* Begin PBXFileReference section */
		76017D5E1C1C772000E9693B /* LoginViewController.swift */ = {isa = PBXFileReference; fileEncoding = 4; lastKnownFileType = sourcecode.swift; path = LoginViewController.swift; sourceTree = "<group>"; };
		76017D601C1CCA1400E9693B /* Bolts.framework */ = {isa = PBXFileReference; lastKnownFileType = wrapper.framework; name = Bolts.framework; path = customTabBar/Bolts.framework; sourceTree = "<group>"; };
		76017D611C1CCA1400E9693B /* Parse.framework */ = {isa = PBXFileReference; lastKnownFileType = wrapper.framework; name = Parse.framework; path = customTabBar/Parse.framework; sourceTree = "<group>"; };
		76017D641C1CD36E00E9693B /* AudioToolbox.framework */ = {isa = PBXFileReference; lastKnownFileType = wrapper.framework; name = AudioToolbox.framework; path = System/Library/Frameworks/AudioToolbox.framework; sourceTree = SDKROOT; };
		76017D661C1CD37C00E9693B /* CFNetwork.framework */ = {isa = PBXFileReference; lastKnownFileType = wrapper.framework; name = CFNetwork.framework; path = System/Library/Frameworks/CFNetwork.framework; sourceTree = SDKROOT; };
		76017D681C1CD43600E9693B /* CoreGraphics.framework */ = {isa = PBXFileReference; lastKnownFileType = wrapper.framework; name = CoreGraphics.framework; path = System/Library/Frameworks/CoreGraphics.framework; sourceTree = SDKROOT; };
		76017D6A1C1CD43F00E9693B /* CoreLocation.framework */ = {isa = PBXFileReference; lastKnownFileType = wrapper.framework; name = CoreLocation.framework; path = System/Library/Frameworks/CoreLocation.framework; sourceTree = SDKROOT; };
		76017D6C1C1CD46C00E9693B /* QuartzCore.framework */ = {isa = PBXFileReference; lastKnownFileType = wrapper.framework; name = QuartzCore.framework; path = System/Library/Frameworks/QuartzCore.framework; sourceTree = SDKROOT; };
		76017D6E1C1CD47600E9693B /* Security.framework */ = {isa = PBXFileReference; lastKnownFileType = wrapper.framework; name = Security.framework; path = System/Library/Frameworks/Security.framework; sourceTree = SDKROOT; };
		76017D701C1CD47E00E9693B /* StoreKit.framework */ = {isa = PBXFileReference; lastKnownFileType = wrapper.framework; name = StoreKit.framework; path = System/Library/Frameworks/StoreKit.framework; sourceTree = SDKROOT; };
		76017D721C1CD48900E9693B /* SystemConfiguration.framework */ = {isa = PBXFileReference; lastKnownFileType = wrapper.framework; name = SystemConfiguration.framework; path = System/Library/Frameworks/SystemConfiguration.framework; sourceTree = SDKROOT; };
		76017D741C1CD49800E9693B /* libz.tbd */ = {isa = PBXFileReference; lastKnownFileType = "sourcecode.text-based-dylib-definition"; name = libz.tbd; path = usr/lib/libz.tbd; sourceTree = SDKROOT; };
		76017D761C1CD4A000E9693B /* libsqlite3.tbd */ = {isa = PBXFileReference; lastKnownFileType = "sourcecode.text-based-dylib-definition"; name = libsqlite3.tbd; path = usr/lib/libsqlite3.tbd; sourceTree = SDKROOT; };
		76017D7A1C1E12D800E9693B /* ChannelViewController.swift */ = {isa = PBXFileReference; fileEncoding = 4; lastKnownFileType = sourcecode.swift; path = ChannelViewController.swift; sourceTree = "<group>"; };
		76017D7C1C1E17F800E9693B /* ProfileViewController.swift */ = {isa = PBXFileReference; fileEncoding = 4; lastKnownFileType = sourcecode.swift; path = ProfileViewController.swift; sourceTree = "<group>"; };
		76017D7F1C1E19BD00E9693B /* FollowingFollowerVC.swift */ = {isa = PBXFileReference; fileEncoding = 4; lastKnownFileType = sourcecode.swift; path = FollowingFollowerVC.swift; sourceTree = "<group>"; };
		761D03341C171D8100BF37A2 /* ImageCache.swift */ = {isa = PBXFileReference; fileEncoding = 4; lastKnownFileType = sourcecode.swift; path = ImageCache.swift; sourceTree = "<group>"; };
		761D03361C171DAF00BF37A2 /* Episode.swift */ = {isa = PBXFileReference; fileEncoding = 4; lastKnownFileType = sourcecode.swift; path = Episode.swift; sourceTree = "<group>"; };
		761D03371C171DAF00BF37A2 /* Channel.swift */ = {isa = PBXFileReference; fileEncoding = 4; lastKnownFileType = sourcecode.swift; path = Channel.swift; sourceTree = "<group>"; };
		761D033A1C1723E200BF37A2 /* PlayLaterItems.swift */ = {isa = PBXFileReference; fileEncoding = 4; lastKnownFileType = sourcecode.swift; path = PlayLaterItems.swift; sourceTree = "<group>"; };
		7626AD6E1C49382600685B67 /* PlaySoundVC+Page.swift */ = {isa = PBXFileReference; fileEncoding = 4; lastKnownFileType = sourcecode.swift; path = "PlaySoundVC+Page.swift"; sourceTree = "<group>"; };
		7626AD701C4969C100685B67 /* CurrentUserProfileVC.swift */ = {isa = PBXFileReference; fileEncoding = 4; lastKnownFileType = sourcecode.swift; path = CurrentUserProfileVC.swift; sourceTree = "<group>"; };
		7626AD721C496AF800685B67 /* OtherUserProfileVC.swift */ = {isa = PBXFileReference; fileEncoding = 4; lastKnownFileType = sourcecode.swift; path = OtherUserProfileVC.swift; sourceTree = "<group>"; };
		7647BC5C1C1B95AD0092E96D /* TabBarPlayButton.swift */ = {isa = PBXFileReference; fileEncoding = 4; lastKnownFileType = sourcecode.swift; path = TabBarPlayButton.swift; sourceTree = "<group>"; };
		764C43031C156F68009F29E8 /* CustomTabBarController.swift */ = {isa = PBXFileReference; fileEncoding = 4; lastKnownFileType = sourcecode.swift; path = CustomTabBarController.swift; sourceTree = "<group>"; };
		764C43091C16B7C7009F29E8 /* mkbhd.jpg */ = {isa = PBXFileReference; lastKnownFileType = image.jpeg; path = mkbhd.jpg; sourceTree = "<group>"; };
		764C430B1C16B821009F29E8 /* testim.jpg */ = {isa = PBXFileReference; lastKnownFileType = image.jpeg; path = testim.jpg; sourceTree = "<group>"; };
		766E97641C289AEA0012EDA9 /* NumTypes+Conversion.swift */ = {isa = PBXFileReference; fileEncoding = 4; lastKnownFileType = sourcecode.swift; path = "NumTypes+Conversion.swift"; sourceTree = "<group>"; };
		766E97651C289AEA0012EDA9 /* MeterTable.swift */ = {isa = PBXFileReference; fileEncoding = 4; lastKnownFileType = sourcecode.swift; path = MeterTable.swift; sourceTree = "<group>"; };
		766E976D1C2934640012EDA9 /* AudioMerger.swift */ = {isa = PBXFileReference; fileEncoding = 4; lastKnownFileType = sourcecode.swift; path = AudioMerger.swift; sourceTree = "<group>"; };
		766E976E1C2934640012EDA9 /* PostEpisodeTVC.swift */ = {isa = PBXFileReference; fileEncoding = 4; lastKnownFileType = sourcecode.swift; path = PostEpisodeTVC.swift; sourceTree = "<group>"; };
		766E976F1C2934640012EDA9 /* PlaySoundViewController.swift */ = {isa = PBXFileReference; fileEncoding = 4; lastKnownFileType = sourcecode.swift; path = PlaySoundViewController.swift; sourceTree = "<group>"; };
		766E97701C2934640012EDA9 /* PlaySoundVC+Funcs.swift */ = {isa = PBXFileReference; fileEncoding = 4; lastKnownFileType = sourcecode.swift; path = "PlaySoundVC+Funcs.swift"; sourceTree = "<group>"; };
		766E97711C2934640012EDA9 /* SectionPlayer.swift */ = {isa = PBXFileReference; fileEncoding = 4; lastKnownFileType = sourcecode.swift; path = SectionPlayer.swift; sourceTree = "<group>"; };
		766E97721C2934640012EDA9 /* SoundPlayer.swift */ = {isa = PBXFileReference; fileEncoding = 4; lastKnownFileType = sourcecode.swift; path = SoundPlayer.swift; sourceTree = "<group>"; };
		766E97731C2934640012EDA9 /* ImageTableContentController.swift */ = {isa = PBXFileReference; fileEncoding = 4; lastKnownFileType = sourcecode.swift; path = ImageTableContentController.swift; sourceTree = "<group>"; };
		766E97741C2934640012EDA9 /* ImageTableContentCell.swift */ = {isa = PBXFileReference; fileEncoding = 4; lastKnownFileType = sourcecode.swift; path = ImageTableContentCell.swift; sourceTree = "<group>"; };
		766E97751C2934640012EDA9 /* SectionSlider.swift */ = {isa = PBXFileReference; fileEncoding = 4; lastKnownFileType = sourcecode.swift; path = SectionSlider.swift; sourceTree = "<group>"; };
		766E977F1C2934980012EDA9 /* RecordSoundViewController.swift */ = {isa = PBXFileReference; fileEncoding = 4; lastKnownFileType = sourcecode.swift; path = RecordSoundViewController.swift; sourceTree = "<group>"; };
		766E97801C2934980012EDA9 /* RecordSoundVC+Edit.swift */ = {isa = PBXFileReference; fileEncoding = 4; lastKnownFileType = sourcecode.swift; path = "RecordSoundVC+Edit.swift"; sourceTree = "<group>"; };
		766E97811C2934980012EDA9 /* RecordedBundle.swift */ = {isa = PBXFileReference; fileEncoding = 4; lastKnownFileType = sourcecode.swift; path = RecordedBundle.swift; sourceTree = "<group>"; };
		766E97821C2934980012EDA9 /* SelectedPhotoCell.swift */ = {isa = PBXFileReference; fileEncoding = 4; lastKnownFileType = sourcecode.swift; path = SelectedPhotoCell.swift; sourceTree = "<group>"; };
		766E97831C2934980012EDA9 /* RecordedSoundCell.swift */ = {isa = PBXFileReference; fileEncoding = 4; lastKnownFileType = sourcecode.swift; path = RecordedSoundCell.swift; sourceTree = "<group>"; };
		766E97841C2934980012EDA9 /* BarChartView.swift */ = {isa = PBXFileReference; fileEncoding = 4; lastKnownFileType = sourcecode.swift; path = BarChartView.swift; sourceTree = "<group>"; };
		766E978E1C2AFC570012EDA9 /* NotifViewController.swift */ = {isa = PBXFileReference; fileEncoding = 4; lastKnownFileType = sourcecode.swift; path = NotifViewController.swift; sourceTree = "<group>"; };
		768706981C1563AB00D1A457 /* customTabBar.app */ = {isa = PBXFileReference; explicitFileType = wrapper.application; includeInIndex = 0; path = customTabBar.app; sourceTree = BUILT_PRODUCTS_DIR; };
		7687069B1C1563AB00D1A457 /* AppDelegate.swift */ = {isa = PBXFileReference; lastKnownFileType = sourcecode.swift; path = AppDelegate.swift; sourceTree = "<group>"; };
		768706A01C1563AB00D1A457 /* Base */ = {isa = PBXFileReference; lastKnownFileType = file.storyboard; name = Base; path = Base.lproj/Main.storyboard; sourceTree = "<group>"; };
		768706A21C1563AB00D1A457 /* Assets.xcassets */ = {isa = PBXFileReference; lastKnownFileType = folder.assetcatalog; path = Assets.xcassets; sourceTree = "<group>"; };
		768706A51C1563AB00D1A457 /* Base */ = {isa = PBXFileReference; lastKnownFileType = file.storyboard; name = Base; path = Base.lproj/LaunchScreen.storyboard; sourceTree = "<group>"; };
		768706A71C1563AB00D1A457 /* Info.plist */ = {isa = PBXFileReference; lastKnownFileType = text.plist.xml; path = Info.plist; sourceTree = "<group>"; };
		769A262E1C16D748007A2EDA /* HomeFeedController.swift */ = {isa = PBXFileReference; fileEncoding = 4; lastKnownFileType = sourcecode.swift; path = HomeFeedController.swift; sourceTree = "<group>"; };
		76DEA0811C2C8D9B00207DF9 /* EpisodeInParse.swift */ = {isa = PBXFileReference; fileEncoding = 4; lastKnownFileType = sourcecode.swift; path = EpisodeInParse.swift; sourceTree = "<group>"; };
		76F717561C1E376400B79AC1 /* CustomTabBar.swift */ = {isa = PBXFileReference; fileEncoding = 4; lastKnownFileType = sourcecode.swift; path = CustomTabBar.swift; sourceTree = "<group>"; };
		76F717581C1E3F4C00B79AC1 /* FollowCell.swift */ = {isa = PBXFileReference; fileEncoding = 4; lastKnownFileType = sourcecode.swift; path = FollowCell.swift; sourceTree = "<group>"; };
		76F7175C1C1F228500B79AC1 /* AppSettings.swift */ = {isa = PBXFileReference; fileEncoding = 4; lastKnownFileType = sourcecode.swift; path = AppSettings.swift; sourceTree = "<group>"; };
		76F7175F1C1F331A00B79AC1 /* PostingViewController.swift */ = {isa = PBXFileReference; fileEncoding = 4; lastKnownFileType = sourcecode.swift; path = PostingViewController.swift; sourceTree = "<group>"; };
		76F717651C20F2DA00B79AC1 /* DiscoverViewController.swift */ = {isa = PBXFileReference; fileEncoding = 4; lastKnownFileType = sourcecode.swift; path = DiscoverViewController.swift; sourceTree = "<group>"; };
		76F717681C211B2800B79AC1 /* ParseBasedActivities.swift */ = {isa = PBXFileReference; fileEncoding = 4; lastKnownFileType = sourcecode.swift; path = ParseBasedActivities.swift; sourceTree = "<group>"; };
		76F8FC4F1C16E053009B7E81 /* EpisodeCell.swift */ = {isa = PBXFileReference; fileEncoding = 4; lastKnownFileType = sourcecode.swift; path = EpisodeCell.swift; sourceTree = "<group>"; };
		76F8FC511C16E089009B7E81 /* ChannelCell.swift */ = {isa = PBXFileReference; fileEncoding = 4; lastKnownFileType = sourcecode.swift; path = ChannelCell.swift; sourceTree = "<group>"; };
/* End PBXFileReference section */

/* Begin PBXFrameworksBuildPhase section */
		768706951C1563AB00D1A457 /* Frameworks */ = {
			isa = PBXFrameworksBuildPhase;
			buildActionMask = 2147483647;
			files = (
				76017D771C1CD4A000E9693B /* libsqlite3.tbd in Frameworks */,
				76017D751C1CD49800E9693B /* libz.tbd in Frameworks */,
				76017D731C1CD48900E9693B /* SystemConfiguration.framework in Frameworks */,
				76017D711C1CD47E00E9693B /* StoreKit.framework in Frameworks */,
				76017D6F1C1CD47600E9693B /* Security.framework in Frameworks */,
				76017D6D1C1CD46C00E9693B /* QuartzCore.framework in Frameworks */,
				76017D6B1C1CD43F00E9693B /* CoreLocation.framework in Frameworks */,
				76017D691C1CD43600E9693B /* CoreGraphics.framework in Frameworks */,
				76017D671C1CD37C00E9693B /* CFNetwork.framework in Frameworks */,
				76017D651C1CD36E00E9693B /* AudioToolbox.framework in Frameworks */,
				76017D631C1CCA1500E9693B /* Parse.framework in Frameworks */,
				76017D621C1CCA1500E9693B /* Bolts.framework in Frameworks */,
			);
			runOnlyForDeploymentPostprocessing = 0;
		};
/* End PBXFrameworksBuildPhase section */

/* Begin PBXGroup section */
		76017D781C1CD4AA00E9693B /* Frameworks */ = {
			isa = PBXGroup;
			children = (
				76017D601C1CCA1400E9693B /* Bolts.framework */,
				76017D761C1CD4A000E9693B /* libsqlite3.tbd */,
				76017D741C1CD49800E9693B /* libz.tbd */,
				76017D611C1CCA1400E9693B /* Parse.framework */,
				76017D721C1CD48900E9693B /* SystemConfiguration.framework */,
				76017D701C1CD47E00E9693B /* StoreKit.framework */,
				76017D6E1C1CD47600E9693B /* Security.framework */,
				76017D6C1C1CD46C00E9693B /* QuartzCore.framework */,
				76017D6A1C1CD43F00E9693B /* CoreLocation.framework */,
				76017D681C1CD43600E9693B /* CoreGraphics.framework */,
				76017D661C1CD37C00E9693B /* CFNetwork.framework */,
				76017D641C1CD36E00E9693B /* AudioToolbox.framework */,
			);
			name = Frameworks;
			sourceTree = "<group>";
		};
		76017D791C1CFF5C00E9693B /* Login */ = {
			isa = PBXGroup;
			children = (
				76017D5E1C1C772000E9693B /* LoginViewController.swift */,
			);
			name = Login;
			sourceTree = "<group>";
		};
		76017D7E1C1E17FE00E9693B /* Profile */ = {
			isa = PBXGroup;
			children = (
				76017D7C1C1E17F800E9693B /* ProfileViewController.swift */,
				7626AD701C4969C100685B67 /* CurrentUserProfileVC.swift */,
				7626AD721C496AF800685B67 /* OtherUserProfileVC.swift */,
				76017D7F1C1E19BD00E9693B /* FollowingFollowerVC.swift */,
				76F717581C1E3F4C00B79AC1 /* FollowCell.swift */,
				76017D7A1C1E12D800E9693B /* ChannelViewController.swift */,
			);
			name = Profile;
			sourceTree = "<group>";
		};
		761D03331C171D4F00BF37A2 /* Model */ = {
			isa = PBXGroup;
			children = (
				761D03341C171D8100BF37A2 /* ImageCache.swift */,
				761D03361C171DAF00BF37A2 /* Episode.swift */,
				76DEA0811C2C8D9B00207DF9 /* EpisodeInParse.swift */,
				76F717681C211B2800B79AC1 /* ParseBasedActivities.swift */,
				761D03371C171DAF00BF37A2 /* Channel.swift */,
				761D033A1C1723E200BF37A2 /* PlayLaterItems.swift */,
			);
			name = Model;
			sourceTree = "<group>";
		};
		7647BC5B1C1B95010092E96D /* TabBar */ = {
			isa = PBXGroup;
			children = (
				764C43031C156F68009F29E8 /* CustomTabBarController.swift */,
				76F717561C1E376400B79AC1 /* CustomTabBar.swift */,
				7647BC5C1C1B95AD0092E96D /* TabBarPlayButton.swift */,
			);
			name = TabBar;
			sourceTree = "<group>";
		};
		766E97631C289AD70012EDA9 /* Resources */ = {
			isa = PBXGroup;
			children = (
				76F7175F1C1F331A00B79AC1 /* PostingViewController.swift */,
				768706A21C1563AB00D1A457 /* Assets.xcassets */,
				766E97641C289AEA0012EDA9 /* NumTypes+Conversion.swift */,
				766E97651C289AEA0012EDA9 /* MeterTable.swift */,
				768706A41C1563AB00D1A457 /* LaunchScreen.storyboard */,
				768706A71C1563AB00D1A457 /* Info.plist */,
			);
			name = Resources;
			sourceTree = "<group>";
		};
		766E976C1C29344B0012EDA9 /* SectionPlayer */ = {
			isa = PBXGroup;
			children = (
				766E976D1C2934640012EDA9 /* AudioMerger.swift */,
				766E976E1C2934640012EDA9 /* PostEpisodeTVC.swift */,
				766E976F1C2934640012EDA9 /* PlaySoundViewController.swift */,
				766E97701C2934640012EDA9 /* PlaySoundVC+Funcs.swift */,
				7626AD6E1C49382600685B67 /* PlaySoundVC+Page.swift */,
				766E97711C2934640012EDA9 /* SectionPlayer.swift */,
				766E97721C2934640012EDA9 /* SoundPlayer.swift */,
				766E97731C2934640012EDA9 /* ImageTableContentController.swift */,
				766E97741C2934640012EDA9 /* ImageTableContentCell.swift */,
				766E97751C2934640012EDA9 /* SectionSlider.swift */,
			);
			name = SectionPlayer;
			sourceTree = "<group>";
		};
		766E97901C2AFC5C0012EDA9 /* Notifications */ = {
			isa = PBXGroup;
			children = (
				766E978E1C2AFC570012EDA9 /* NotifViewController.swift */,
			);
			name = Notifications;
			sourceTree = "<group>";
		};
		7687068F1C1563AB00D1A457 = {
			isa = PBXGroup;
			children = (
				76017D781C1CD4AA00E9693B /* Frameworks */,
				7687069A1C1563AB00D1A457 /* customTabBar */,
				768706991C1563AB00D1A457 /* Products */,
			);
			sourceTree = "<group>";
		};
		768706991C1563AB00D1A457 /* Products */ = {
			isa = PBXGroup;
			children = (
				768706981C1563AB00D1A457 /* customTabBar.app */,
			);
			name = Products;
			sourceTree = "<group>";
		};
		7687069A1C1563AB00D1A457 /* customTabBar */ = {
			isa = PBXGroup;
			children = (
				7687069B1C1563AB00D1A457 /* AppDelegate.swift */,
				76F7175C1C1F228500B79AC1 /* AppSettings.swift */,
				7687069F1C1563AB00D1A457 /* Main.storyboard */,
				76017D791C1CFF5C00E9693B /* Login */,
				7647BC5B1C1B95010092E96D /* TabBar */,
				76F8FC4E1C16E026009B7E81 /* Home */,
				76F7175E1C1F307800B79AC1 /* Record */,
				76F717671C20F2E000B79AC1 /* Discover */,
				766E97901C2AFC5C0012EDA9 /* Notifications */,
				76017D7E1C1E17FE00E9693B /* Profile */,
				761D03331C171D4F00BF37A2 /* Model */,
				766E97631C289AD70012EDA9 /* Resources */,
			);
			path = customTabBar;
			sourceTree = "<group>";
		};
		76F7175E1C1F307800B79AC1 /* Record */ = {
			isa = PBXGroup;
			children = (
				766E977F1C2934980012EDA9 /* RecordSoundViewController.swift */,
				766E97801C2934980012EDA9 /* RecordSoundVC+Edit.swift */,
				766E97811C2934980012EDA9 /* RecordedBundle.swift */,
				766E97821C2934980012EDA9 /* SelectedPhotoCell.swift */,
				766E97831C2934980012EDA9 /* RecordedSoundCell.swift */,
				766E97841C2934980012EDA9 /* BarChartView.swift */,
				766E976C1C29344B0012EDA9 /* SectionPlayer */,
			);
			name = Record;
			sourceTree = "<group>";
		};
		76F717671C20F2E000B79AC1 /* Discover */ = {
			isa = PBXGroup;
			children = (
				76F717651C20F2DA00B79AC1 /* DiscoverViewController.swift */,
			);
			name = Discover;
			sourceTree = "<group>";
		};
		76F8FC4E1C16E026009B7E81 /* Home */ = {
			isa = PBXGroup;
			children = (
				769A262E1C16D748007A2EDA /* HomeFeedController.swift */,
				76F8FC4F1C16E053009B7E81 /* EpisodeCell.swift */,
				76F8FC511C16E089009B7E81 /* ChannelCell.swift */,
				764C430B1C16B821009F29E8 /* testim.jpg */,
				764C43091C16B7C7009F29E8 /* mkbhd.jpg */,
			);
			name = Home;
			sourceTree = "<group>";
		};
/* End PBXGroup section */

/* Begin PBXNativeTarget section */
		768706971C1563AB00D1A457 /* customTabBar */ = {
			isa = PBXNativeTarget;
			buildConfigurationList = 768706AA1C1563AB00D1A457 /* Build configuration list for PBXNativeTarget "customTabBar" */;
			buildPhases = (
				768706941C1563AB00D1A457 /* Sources */,
				768706951C1563AB00D1A457 /* Frameworks */,
				768706961C1563AB00D1A457 /* Resources */,
			);
			buildRules = (
			);
			dependencies = (
			);
			name = customTabBar;
			productName = customTabBar;
			productReference = 768706981C1563AB00D1A457 /* customTabBar.app */;
			productType = "com.apple.product-type.application";
		};
/* End PBXNativeTarget section */

/* Begin PBXProject section */
		768706901C1563AB00D1A457 /* Project object */ = {
			isa = PBXProject;
			attributes = {
				LastSwiftUpdateCheck = 0710;
				LastUpgradeCheck = 0710;
				ORGANIZATIONNAME = "Wenxiang Deng";
				TargetAttributes = {
					768706971C1563AB00D1A457 = {
						CreatedOnToolsVersion = 7.1.1;
						DevelopmentTeam = 7X5H79S2RL;
					};
				};
			};
			buildConfigurationList = 768706931C1563AB00D1A457 /* Build configuration list for PBXProject "customTabBar" */;
			compatibilityVersion = "Xcode 3.2";
			developmentRegion = English;
			hasScannedForEncodings = 0;
			knownRegions = (
				en,
				Base,
			);
			mainGroup = 7687068F1C1563AB00D1A457;
			productRefGroup = 768706991C1563AB00D1A457 /* Products */;
			projectDirPath = "";
			projectRoot = "";
			targets = (
				768706971C1563AB00D1A457 /* customTabBar */,
			);
		};
/* End PBXProject section */

/* Begin PBXResourcesBuildPhase section */
		768706961C1563AB00D1A457 /* Resources */ = {
			isa = PBXResourcesBuildPhase;
			buildActionMask = 2147483647;
			files = (
				768706A61C1563AB00D1A457 /* LaunchScreen.storyboard in Resources */,
				768706A31C1563AB00D1A457 /* Assets.xcassets in Resources */,
				764C430A1C16B7C7009F29E8 /* mkbhd.jpg in Resources */,
				764C430C1C16B821009F29E8 /* testim.jpg in Resources */,
				768706A11C1563AB00D1A457 /* Main.storyboard in Resources */,
			);
			runOnlyForDeploymentPostprocessing = 0;
		};
/* End PBXResourcesBuildPhase section */

/* Begin PBXSourcesBuildPhase section */
		768706941C1563AB00D1A457 /* Sources */ = {
			isa = PBXSourcesBuildPhase;
			buildActionMask = 2147483647;
			files = (
				766E97761C2934640012EDA9 /* AudioMerger.swift in Sources */,
				766E978A1C2934990012EDA9 /* BarChartView.swift in Sources */,
				766E97851C2934990012EDA9 /* RecordSoundViewController.swift in Sources */,
				766E978F1C2AFC570012EDA9 /* NotifViewController.swift in Sources */,
				766E97791C2934640012EDA9 /* PlaySoundVC+Funcs.swift in Sources */,
				766E97891C2934990012EDA9 /* RecordedSoundCell.swift in Sources */,
				766E977B1C2934640012EDA9 /* SoundPlayer.swift in Sources */,
				766E97871C2934990012EDA9 /* RecordedBundle.swift in Sources */,
				76017D5F1C1C772000E9693B /* LoginViewController.swift in Sources */,
				766E97671C289AEA0012EDA9 /* MeterTable.swift in Sources */,
				761D03351C171D8100BF37A2 /* ImageCache.swift in Sources */,
				766E977E1C2934640012EDA9 /* SectionSlider.swift in Sources */,
				766E97661C289AEA0012EDA9 /* NumTypes+Conversion.swift in Sources */,
				76F8FC521C16E089009B7E81 /* ChannelCell.swift in Sources */,
				76F717601C1F331A00B79AC1 /* PostingViewController.swift in Sources */,
				769A262F1C16D748007A2EDA /* HomeFeedController.swift in Sources */,
				76F717571C1E376400B79AC1 /* CustomTabBar.swift in Sources */,
				7626AD6F1C49382600685B67 /* PlaySoundVC+Page.swift in Sources */,
				76DEA0821C2C8D9B00207DF9 /* EpisodeInParse.swift in Sources */,
				761D033B1C1723E200BF37A2 /* PlayLaterItems.swift in Sources */,
				761D03391C171DAF00BF37A2 /* Channel.swift in Sources */,
				766E977D1C2934640012EDA9 /* ImageTableContentCell.swift in Sources */,
				766E97771C2934640012EDA9 /* PostEpisodeTVC.swift in Sources */,
				76017D801C1E19BD00E9693B /* FollowingFollowerVC.swift in Sources */,
				7647BC5D1C1B95AD0092E96D /* TabBarPlayButton.swift in Sources */,
				766E97881C2934990012EDA9 /* SelectedPhotoCell.swift in Sources */,
				76F717591C1E3F4C00B79AC1 /* FollowCell.swift in Sources */,
				766E97781C2934640012EDA9 /* PlaySoundViewController.swift in Sources */,
				76F717691C211B2800B79AC1 /* ParseBasedActivities.swift in Sources */,
				766E977C1C2934640012EDA9 /* ImageTableContentController.swift in Sources */,
				76F8FC501C16E053009B7E81 /* EpisodeCell.swift in Sources */,
				766E977A1C2934640012EDA9 /* SectionPlayer.swift in Sources */,
				7687069C1C1563AB00D1A457 /* AppDelegate.swift in Sources */,
				761D03381C171DAF00BF37A2 /* Episode.swift in Sources */,
				7626AD731C496AF800685B67 /* OtherUserProfileVC.swift in Sources */,
				7626AD711C4969C100685B67 /* CurrentUserProfileVC.swift in Sources */,
				76F7175D1C1F228500B79AC1 /* AppSettings.swift in Sources */,
				766E97861C2934990012EDA9 /* RecordSoundVC+Edit.swift in Sources */,
				76017D7D1C1E17F800E9693B /* ProfileViewController.swift in Sources */,
				76F717661C20F2DA00B79AC1 /* DiscoverViewController.swift in Sources */,
				76017D7B1C1E12D800E9693B /* ChannelViewController.swift in Sources */,
				764C43041C156F68009F29E8 /* CustomTabBarController.swift in Sources */,
			);
			runOnlyForDeploymentPostprocessing = 0;
		};
/* End PBXSourcesBuildPhase section */

/* Begin PBXVariantGroup section */
		7687069F1C1563AB00D1A457 /* Main.storyboard */ = {
			isa = PBXVariantGroup;
			children = (
				768706A01C1563AB00D1A457 /* Base */,
			);
			name = Main.storyboard;
			sourceTree = "<group>";
		};
		768706A41C1563AB00D1A457 /* LaunchScreen.storyboard */ = {
			isa = PBXVariantGroup;
			children = (
				768706A51C1563AB00D1A457 /* Base */,
			);
			name = LaunchScreen.storyboard;
			sourceTree = "<group>";
		};
/* End PBXVariantGroup section */

/* Begin XCBuildConfiguration section */
		768706A81C1563AB00D1A457 /* Debug */ = {
			isa = XCBuildConfiguration;
			buildSettings = {
				ALWAYS_SEARCH_USER_PATHS = NO;
				CLANG_CXX_LANGUAGE_STANDARD = "gnu++0x";
				CLANG_CXX_LIBRARY = "libc++";
				CLANG_ENABLE_MODULES = YES;
				CLANG_ENABLE_OBJC_ARC = YES;
				CLANG_WARN_BOOL_CONVERSION = YES;
				CLANG_WARN_CONSTANT_CONVERSION = YES;
				CLANG_WARN_DIRECT_OBJC_ISA_USAGE = YES_ERROR;
				CLANG_WARN_EMPTY_BODY = YES;
				CLANG_WARN_ENUM_CONVERSION = YES;
				CLANG_WARN_INT_CONVERSION = YES;
				CLANG_WARN_OBJC_ROOT_CLASS = YES_ERROR;
				CLANG_WARN_UNREACHABLE_CODE = YES;
				CLANG_WARN__DUPLICATE_METHOD_MATCH = YES;
				"CODE_SIGN_IDENTITY[sdk=iphoneos*]" = "iPhone Developer";
				COPY_PHASE_STRIP = NO;
				DEBUG_INFORMATION_FORMAT = dwarf;
				ENABLE_STRICT_OBJC_MSGSEND = YES;
				ENABLE_TESTABILITY = YES;
				GCC_C_LANGUAGE_STANDARD = gnu99;
				GCC_DYNAMIC_NO_PIC = NO;
				GCC_NO_COMMON_BLOCKS = YES;
				GCC_OPTIMIZATION_LEVEL = 0;
				GCC_PREPROCESSOR_DEFINITIONS = (
					"DEBUG=1",
					"$(inherited)",
				);
				GCC_WARN_64_TO_32_BIT_CONVERSION = YES;
				GCC_WARN_ABOUT_RETURN_TYPE = YES_ERROR;
				GCC_WARN_UNDECLARED_SELECTOR = YES;
				GCC_WARN_UNINITIALIZED_AUTOS = YES_AGGRESSIVE;
				GCC_WARN_UNUSED_FUNCTION = YES;
				GCC_WARN_UNUSED_VARIABLE = YES;
				IPHONEOS_DEPLOYMENT_TARGET = 9.1;
				MTL_ENABLE_DEBUG_INFO = YES;
				ONLY_ACTIVE_ARCH = YES;
				SDKROOT = iphoneos;
				SWIFT_OPTIMIZATION_LEVEL = "-Onone";
			};
			name = Debug;
		};
		768706A91C1563AB00D1A457 /* Release */ = {
			isa = XCBuildConfiguration;
			buildSettings = {
				ALWAYS_SEARCH_USER_PATHS = NO;
				CLANG_CXX_LANGUAGE_STANDARD = "gnu++0x";
				CLANG_CXX_LIBRARY = "libc++";
				CLANG_ENABLE_MODULES = YES;
				CLANG_ENABLE_OBJC_ARC = YES;
				CLANG_WARN_BOOL_CONVERSION = YES;
				CLANG_WARN_CONSTANT_CONVERSION = YES;
				CLANG_WARN_DIRECT_OBJC_ISA_USAGE = YES_ERROR;
				CLANG_WARN_EMPTY_BODY = YES;
				CLANG_WARN_ENUM_CONVERSION = YES;
				CLANG_WARN_INT_CONVERSION = YES;
				CLANG_WARN_OBJC_ROOT_CLASS = YES_ERROR;
				CLANG_WARN_UNREACHABLE_CODE = YES;
				CLANG_WARN__DUPLICATE_METHOD_MATCH = YES;
				"CODE_SIGN_IDENTITY[sdk=iphoneos*]" = "iPhone Developer";
				COPY_PHASE_STRIP = NO;
				DEBUG_INFORMATION_FORMAT = "dwarf-with-dsym";
				ENABLE_NS_ASSERTIONS = NO;
				ENABLE_STRICT_OBJC_MSGSEND = YES;
				GCC_C_LANGUAGE_STANDARD = gnu99;
				GCC_NO_COMMON_BLOCKS = YES;
				GCC_WARN_64_TO_32_BIT_CONVERSION = YES;
				GCC_WARN_ABOUT_RETURN_TYPE = YES_ERROR;
				GCC_WARN_UNDECLARED_SELECTOR = YES;
				GCC_WARN_UNINITIALIZED_AUTOS = YES_AGGRESSIVE;
				GCC_WARN_UNUSED_FUNCTION = YES;
				GCC_WARN_UNUSED_VARIABLE = YES;
				IPHONEOS_DEPLOYMENT_TARGET = 9.1;
				MTL_ENABLE_DEBUG_INFO = NO;
				SDKROOT = iphoneos;
				VALIDATE_PRODUCT = YES;
			};
			name = Release;
		};
		768706AB1C1563AB00D1A457 /* Debug */ = {
			isa = XCBuildConfiguration;
			buildSettings = {
				ASSETCATALOG_COMPILER_APPICON_NAME = AppIcon;
				CODE_SIGN_IDENTITY = "iPhone Developer";
				"CODE_SIGN_IDENTITY[sdk=iphoneos*]" = "iPhone Developer";
				FRAMEWORK_SEARCH_PATHS = (
					"$(inherited)",
					"$(PROJECT_DIR)/customTabBar",
				);
				INFOPLIST_FILE = customTabBar/Info.plist;
				LD_RUNPATH_SEARCH_PATHS = "$(inherited) @executable_path/Frameworks";
				PRODUCT_BUNDLE_IDENTIFIER = wdeng.customTabBar;
				PRODUCT_NAME = "$(TARGET_NAME)";
				PROVISIONING_PROFILE = "";
			};
			name = Debug;
		};
		768706AC1C1563AB00D1A457 /* Release */ = {
			isa = XCBuildConfiguration;
			buildSettings = {
				ASSETCATALOG_COMPILER_APPICON_NAME = AppIcon;
				CODE_SIGN_IDENTITY = "iPhone Developer";
				"CODE_SIGN_IDENTITY[sdk=iphoneos*]" = "iPhone Developer";
				FRAMEWORK_SEARCH_PATHS = (
					"$(inherited)",
					"$(PROJECT_DIR)/customTabBar",
				);
				INFOPLIST_FILE = customTabBar/Info.plist;
				LD_RUNPATH_SEARCH_PATHS = "$(inherited) @executable_path/Frameworks";
				PRODUCT_BUNDLE_IDENTIFIER = wdeng.customTabBar;
				PRODUCT_NAME = "$(TARGET_NAME)";
				PROVISIONING_PROFILE = "";
			};
			name = Release;
		};
/* End XCBuildConfiguration section */

/* Begin XCConfigurationList section */
		768706931C1563AB00D1A457 /* Build configuration list for PBXProject "customTabBar" */ = {
			isa = XCConfigurationList;
			buildConfigurations = (
				768706A81C1563AB00D1A457 /* Debug */,
				768706A91C1563AB00D1A457 /* Release */,
			);
			defaultConfigurationIsVisible = 0;
			defaultConfigurationName = Release;
		};
		768706AA1C1563AB00D1A457 /* Build configuration list for PBXNativeTarget "customTabBar" */ = {
			isa = XCConfigurationList;
			buildConfigurations = (
				768706AB1C1563AB00D1A457 /* Debug */,
				768706AC1C1563AB00D1A457 /* Release */,
			);
			defaultConfigurationIsVisible = 0;
			defaultConfigurationName = Release;
		};
/* End XCConfigurationList section */
	};
	rootObject = 768706901C1563AB00D1A457 /* Project object */;
}
